
Microsoft Visual Studio Solution File, Format Version 11.00
# Visual Studio 2010
Project("{8BC9CEB8-8B4A-11D0-8D11-00A0C91BC942}") = "HawkUtil", "HawkUtil\HawkUtil.vcxproj", "{8AB7688A-2DA7-4023-B859-8397309B7A07}"
	ProjectSection(ProjectDependencies) = postProject
		{42232473-07B8-4BCA-B1AE-42F291575400} = {42232473-07B8-4BCA-B1AE-42F291575400}
	EndProjectSection
EndProject
Project("{2150E333-8FDC-42A3-9474-1A3956D46DE8}") = "Tools", "Tools", "{00B35A04-A5FC-4590-9DBB-342E7D2B11B9}"
EndProject
Project("{2150E333-8FDC-42A3-9474-1A3956D46DE8}") = "Samples", "Samples", "{F4BBDD15-18CC-4857-B05A-07C930A9C64D}"
EndProject
Project("{8BC9CEB8-8B4A-11D0-8D11-00A0C91BC942}") = "TestCase", "Samples\TestCase\TestCase.vcxproj", "{72D798BC-BF76-435B-9747-A81F7AABABDF}"
	ProjectSection(ProjectDependencies) = postProject
		{FC56831C-E123-41BB-BE3E-FD9908CBD31A} = {FC56831C-E123-41BB-BE3E-FD9908CBD31A}
		{3873FE4E-C31D-4A8D-9E1C-A8D30E7BCA37} = {3873FE4E-C31D-4A8D-9E1C-A8D30E7BCA37}
		{42232473-07B8-4BCA-B1AE-42F291575400} = {42232473-07B8-4BCA-B1AE-42F291575400}
		{8AB7688A-2DA7-4023-B859-8397309B7A07} = {8AB7688A-2DA7-4023-B859-8397309B7A07}
		{000C7FC6-44A1-451F-A242-69CDEA791F4D} = {000C7FC6-44A1-451F-A242-69CDEA791F4D}
		{E6215AED-133C-4934-AB11-3F20B5666BDF} = {E6215AED-133C-4934-AB11-3F20B5666BDF}
	EndProjectSection
EndProject
Project("{8BC9CEB8-8B4A-11D0-8D11-00A0C91BC942}") = "ProtocolGen", "Tools\ProtocolGen\ProtocolGen.vcxproj", "{6EB4EF6D-CE85-4DAC-9A9F-98ECD2248B49}"
	ProjectSection(ProjectDependencies) = postProject
		{8AB7688A-2DA7-4023-B859-8397309B7A07} = {8AB7688A-2DA7-4023-B859-8397309B7A07}
	EndProjectSection
EndProject
Project("{8BC9CEB8-8B4A-11D0-8D11-00A0C91BC942}") = "EchoServer", "Samples\EchoServer\EchoServer.vcxproj", "{A9B4F098-33FF-4C32-8FFF-4C8A49719479}"
	ProjectSection(ProjectDependencies) = postProject
		{FC56831C-E123-41BB-BE3E-FD9908CBD31A} = {FC56831C-E123-41BB-BE3E-FD9908CBD31A}
		{3873FE4E-C31D-4A8D-9E1C-A8D30E7BCA37} = {3873FE4E-C31D-4A8D-9E1C-A8D30E7BCA37}
		{8AB7688A-2DA7-4023-B859-8397309B7A07} = {8AB7688A-2DA7-4023-B859-8397309B7A07}
		{E6215AED-133C-4934-AB11-3F20B5666BDF} = {E6215AED-133C-4934-AB11-3F20B5666BDF}
	EndProjectSection
EndProject
Project("{8BC9CEB8-8B4A-11D0-8D11-00A0C91BC942}") = "EchoClient", "Samples\EchoClient\EchoClient.vcxproj", "{7608BBE3-493A-4944-A123-82851C56F030}"
	ProjectSection(ProjectDependencies) = postProject
		{8AB7688A-2DA7-4023-B859-8397309B7A07} = {8AB7688A-2DA7-4023-B859-8397309B7A07}
	EndProjectSection
EndProject
Project("{2150E333-8FDC-42A3-9474-1A3956D46DE8}") = "Make", "Make", "{4452C7C1-4F75-4D04-B7F2-533CD17A8CB5}"
	ProjectSection(SolutionItems) = preProject
		Makefile = Makefile
		Rules.mk = Rules.mk
	EndProjectSection
EndProject
Project("{8BC9CEB8-8B4A-11D0-8D11-00A0C91BC942}") = "ProcMonitor", "Tools\ProcMonitor\ProcMonitor.vcxproj", "{EECD52F1-14FF-422D-B73C-B8FE26924162}"
	ProjectSection(ProjectDependencies) = postProject
		{8AB7688A-2DA7-4023-B859-8397309B7A07} = {8AB7688A-2DA7-4023-B859-8397309B7A07}
	EndProjectSection
EndProject
Project("{8BC9CEB8-8B4A-11D0-8D11-00A0C91BC942}") = "HawkWin32", "HawkWin32\HawkWin32.vcxproj", "{42232473-07B8-4BCA-B1AE-42F291575400}"
EndProject
Project("{8BC9CEB8-8B4A-11D0-8D11-00A0C91BC942}") = "HawkLog", "HawkLog\HawkLog.vcxproj", "{3873FE4E-C31D-4A8D-9E1C-A8D30E7BCA37}"
	ProjectSection(ProjectDependencies) = postProject
		{8AB7688A-2DA7-4023-B859-8397309B7A07} = {8AB7688A-2DA7-4023-B859-8397309B7A07}
	EndProjectSection
EndProject
Project("{8BC9CEB8-8B4A-11D0-8D11-00A0C91BC942}") = "LogServer", "Tools\LogServer\LogServer.vcxproj", "{A1C0FA14-BC4E-406C-AB5F-4009059D60DE}"
	ProjectSection(ProjectDependencies) = postProject
		{3873FE4E-C31D-4A8D-9E1C-A8D30E7BCA37} = {3873FE4E-C31D-4A8D-9E1C-A8D30E7BCA37}
		{8AB7688A-2DA7-4023-B859-8397309B7A07} = {8AB7688A-2DA7-4023-B859-8397309B7A07}
	EndProjectSection
EndProject
Project("{8BC9CEB8-8B4A-11D0-8D11-00A0C91BC942}") = "DomainSvr", "Tools\DomainSvr\DomainSvr.vcxproj", "{9FA020B5-0A66-4E0F-9655-AC1300F7E9CB}"
	ProjectSection(ProjectDependencies) = postProject
		{8AB7688A-2DA7-4023-B859-8397309B7A07} = {8AB7688A-2DA7-4023-B859-8397309B7A07}
	EndProjectSection
EndProject
Project("{8BC9CEB8-8B4A-11D0-8D11-00A0C91BC942}") = "HawkGeometry", "HawkGeometry\HawkGeometry.vcxproj", "{FC56831C-E123-41BB-BE3E-FD9908CBD31A}"
	ProjectSection(ProjectDependencies) = postProject
		{8AB7688A-2DA7-4023-B859-8397309B7A07} = {8AB7688A-2DA7-4023-B859-8397309B7A07}
	EndProjectSection
EndProject
Project("{8BC9CEB8-8B4A-11D0-8D11-00A0C91BC942}") = "HawkProfiler", "HawkProfiler\HawkProfiler.vcxproj", "{E6215AED-133C-4934-AB11-3F20B5666BDF}"
	ProjectSection(ProjectDependencies) = postProject
		{8AB7688A-2DA7-4023-B859-8397309B7A07} = {8AB7688A-2DA7-4023-B859-8397309B7A07}
	EndProjectSection
EndProject
Project("{8BC9CEB8-8B4A-11D0-8D11-00A0C91BC942}") = "HawkGateway", "HawkGateway\HawkGateway.vcxproj", "{000C7FC6-44A1-451F-A242-69CDEA791F4D}"
	ProjectSection(ProjectDependencies) = postProject
		{8AB7688A-2DA7-4023-B859-8397309B7A07} = {8AB7688A-2DA7-4023-B859-8397309B7A07}
		{E6215AED-133C-4934-AB11-3F20B5666BDF} = {E6215AED-133C-4934-AB11-3F20B5666BDF}
	EndProjectSection
EndProject
Project("{8BC9CEB8-8B4A-11D0-8D11-00A0C91BC942}") = "GateServer", "Tools\GateServer\GateServer.vcxproj", "{5741C93C-99EF-4368-879D-547B4B8EF36A}"
	ProjectSection(ProjectDependencies) = postProject
		{000C7FC6-44A1-451F-A242-69CDEA791F4D} = {000C7FC6-44A1-451F-A242-69CDEA791F4D}
		{E6215AED-133C-4934-AB11-3F20B5666BDF} = {E6215AED-133C-4934-AB11-3F20B5666BDF}
	EndProjectSection
EndProject
Project("{8BC9CEB8-8B4A-11D0-8D11-00A0C91BC942}") = "ProfilerMonitor", "Tools\ProfilerMonitor\ProfilerMonitor.vcxproj", "{AAD1076B-682D-43D8-87A7-5D4237F94E01}"
	ProjectSection(ProjectDependencies) = postProject
		{8AB7688A-2DA7-4023-B859-8397309B7A07} = {8AB7688A-2DA7-4023-B859-8397309B7A07}
		{E6215AED-133C-4934-AB11-3F20B5666BDF} = {E6215AED-133C-4934-AB11-3F20B5666BDF}
	EndProjectSection
EndProject
Project("{8BC9CEB8-8B4A-11D0-8D11-00A0C91BC942}") = "HawkRedis", "HawkRedis\HawkRedis.vcxproj", "{9D6E9D99-D36C-42D2-B37F-98B21066D9C1}"
	ProjectSection(ProjectDependencies) = postProject
		{8AB7688A-2DA7-4023-B859-8397309B7A07} = {8AB7688A-2DA7-4023-B859-8397309B7A07}
	EndProjectSection
EndProject
Project("{8BC9CEB8-8B4A-11D0-8D11-00A0C91BC942}") = "HawkMemLeak", "HawkMemLeak\HawkMemLeak.vcxproj", "{E4AE5263-FB06-4CA6-945A-F684225CD51C}"
EndProject
Project("{8BC9CEB8-8B4A-11D0-8D11-00A0C91BC942}") = "DataPacker", "Tools\DataPacker\DataPacker.vcxproj", "{25E14E2F-41A3-4030-85F6-5E21D3EC9355}"
	ProjectSection(ProjectDependencies) = postProject
		{8AB7688A-2DA7-4023-B859-8397309B7A07} = {8AB7688A-2DA7-4023-B859-8397309B7A07}
	EndProjectSection
EndProject
Project("{8BC9CEB8-8B4A-11D0-8D11-00A0C91BC942}") = "ExcelExporter", "Tools\ExcelExporter\ExcelExporter.vcxproj", "{993723F7-2A0B-437E-A7D1-41B629CEF249}"
	ProjectSection(ProjectDependencies) = postProject
		{8AB7688A-2DA7-4023-B859-8397309B7A07} = {8AB7688A-2DA7-4023-B859-8397309B7A07}
	EndProjectSection
EndProject
Project("{8BC9CEB8-8B4A-11D0-8D11-00A0C91BC942}") = "HawkAppFrame", "HawkAppFrame\HawkAppFrame.vcxproj", "{F41333C6-E446-400B-A2A9-A0B5E2CB6D37}"
	ProjectSection(ProjectDependencies) = postProject
		{8AB7688A-2DA7-4023-B859-8397309B7A07} = {8AB7688A-2DA7-4023-B859-8397309B7A07}
		{000C7FC6-44A1-451F-A242-69CDEA791F4D} = {000C7FC6-44A1-451F-A242-69CDEA791F4D}
	EndProjectSection
EndProject
Project("{8BC9CEB8-8B4A-11D0-8D11-00A0C91BC942}") = "GameAnalyst", "Tools\GameAnalyst\GameAnalyst.vcxproj", "{67AFB95D-E299-4B4F-A86E-B88AACADE4FF}"
	ProjectSection(ProjectDependencies) = postProject
		{8AB7688A-2DA7-4023-B859-8397309B7A07} = {8AB7688A-2DA7-4023-B859-8397309B7A07}
	EndProjectSection
EndProject
Project("{8BC9CEB8-8B4A-11D0-8D11-00A0C91BC942}") = "FileAcceptor", "Tools\FileAcceptor\FileAcceptor.vcxproj", "{188E1D2D-C88E-4393-9F35-5C910D951419}"
	ProjectSection(ProjectDependencies) = postProject
		{8AB7688A-2DA7-4023-B859-8397309B7A07} = {8AB7688A-2DA7-4023-B859-8397309B7A07}
	EndProjectSection
EndProject
Project("{8BC9CEB8-8B4A-11D0-8D11-00A0C91BC942}") = "FileSender", "Tools\FileSender\FileSender.vcxproj", "{05DFB0D3-7EFA-4D27-9497-31ED44466B1C}"
	ProjectSection(ProjectDependencies) = postProject
		{8AB7688A-2DA7-4023-B859-8397309B7A07} = {8AB7688A-2DA7-4023-B859-8397309B7A07}
		{000C7FC6-44A1-451F-A242-69CDEA791F4D} = {000C7FC6-44A1-451F-A242-69CDEA791F4D}
	EndProjectSection
EndProject
Project("{8BC9CEB8-8B4A-11D0-8D11-00A0C91BC942}") = "CmdSender", "Tools\CmdSender\CmdSender.vcxproj", "{BA7E10A8-7F97-4704-A5E9-E8D1220EB4EA}"
	ProjectSection(ProjectDependencies) = postProject
		{8AB7688A-2DA7-4023-B859-8397309B7A07} = {8AB7688A-2DA7-4023-B859-8397309B7A07}
	EndProjectSection
EndProject
Project("{8BC9CEB8-8B4A-11D0-8D11-00A0C91BC942}") = "NetBridge", "Tools\NetBridge\NetBridge.vcxproj", "{0EF30987-E726-4739-B2C8-221F7C85AF38}"
	ProjectSection(ProjectDependencies) = postProject
		{8AB7688A-2DA7-4023-B859-8397309B7A07} = {8AB7688A-2DA7-4023-B859-8397309B7A07}
	EndProjectSection
EndProject
Project("{8BC9CEB8-8B4A-11D0-8D11-00A0C91BC942}") = "StringHasher", "Tools\StringHasher\StringHasher.vcxproj", "{D3593BD2-9BD8-406D-9D45-38BC7934166E}"
	ProjectSection(ProjectDependencies) = postProject
		{8AB7688A-2DA7-4023-B859-8397309B7A07} = {8AB7688A-2DA7-4023-B859-8397309B7A07}
	EndProjectSection
EndProject
Project("{8BC9CEB8-8B4A-11D0-8D11-00A0C91BC942}") = "EchoClient", "..\HawkDocument\Demo\C++\EchoClient\EchoClient.vcxproj", "{0BBE6424-9DEC-4C23-836B-7EAC551393B5}"
EndProject
Global
	GlobalSection(SolutionConfigurationPlatforms) = preSolution
		Debug|Win32 = Debug|Win32
		Release|Win32 = Release|Win32
	EndGlobalSection
	GlobalSection(ProjectConfigurationPlatforms) = postSolution
		{8AB7688A-2DA7-4023-B859-8397309B7A07}.Debug|Win32.ActiveCfg = Debug|Win32
		{8AB7688A-2DA7-4023-B859-8397309B7A07}.Debug|Win32.Build.0 = Debug|Win32
		{8AB7688A-2DA7-4023-B859-8397309B7A07}.Release|Win32.ActiveCfg = Release|Win32
		{8AB7688A-2DA7-4023-B859-8397309B7A07}.Release|Win32.Build.0 = Release|Win32
		{72D798BC-BF76-435B-9747-A81F7AABABDF}.Debug|Win32.ActiveCfg = Debug|Win32
		{72D798BC-BF76-435B-9747-A81F7AABABDF}.Debug|Win32.Build.0 = Debug|Win32
		{72D798BC-BF76-435B-9747-A81F7AABABDF}.Release|Win32.ActiveCfg = Release|Win32
		{72D798BC-BF76-435B-9747-A81F7AABABDF}.Release|Win32.Build.0 = Release|Win32
		{6EB4EF6D-CE85-4DAC-9A9F-98ECD2248B49}.Debug|Win32.ActiveCfg = Debug|Win32
		{6EB4EF6D-CE85-4DAC-9A9F-98ECD2248B49}.Debug|Win32.Build.0 = Debug|Win32
		{6EB4EF6D-CE85-4DAC-9A9F-98ECD2248B49}.Release|Win32.ActiveCfg = Release|Win32
		{6EB4EF6D-CE85-4DAC-9A9F-98ECD2248B49}.Release|Win32.Build.0 = Release|Win32
		{A9B4F098-33FF-4C32-8FFF-4C8A49719479}.Debug|Win32.ActiveCfg = Debug|Win32
		{A9B4F098-33FF-4C32-8FFF-4C8A49719479}.Debug|Win32.Build.0 = Debug|Win32
		{A9B4F098-33FF-4C32-8FFF-4C8A49719479}.Release|Win32.ActiveCfg = Release|Win32
		{A9B4F098-33FF-4C32-8FFF-4C8A49719479}.Release|Win32.Build.0 = Release|Win32
		{7608BBE3-493A-4944-A123-82851C56F030}.Debug|Win32.ActiveCfg = Debug|Win32
		{7608BBE3-493A-4944-A123-82851C56F030}.Debug|Win32.Build.0 = Debug|Win32
		{7608BBE3-493A-4944-A123-82851C56F030}.Release|Win32.ActiveCfg = Release|Win32
		{7608BBE3-493A-4944-A123-82851C56F030}.Release|Win32.Build.0 = Release|Win32
		{EECD52F1-14FF-422D-B73C-B8FE26924162}.Debug|Win32.ActiveCfg = Debug|Win32
		{EECD52F1-14FF-422D-B73C-B8FE26924162}.Debug|Win32.Build.0 = Debug|Win32
		{EECD52F1-14FF-422D-B73C-B8FE26924162}.Release|Win32.ActiveCfg = Release|Win32
		{EECD52F1-14FF-422D-B73C-B8FE26924162}.Release|Win32.Build.0 = Release|Win32
		{42232473-07B8-4BCA-B1AE-42F291575400}.Debug|Win32.ActiveCfg = Debug|Win32
		{42232473-07B8-4BCA-B1AE-42F291575400}.Debug|Win32.Build.0 = Debug|Win32
		{42232473-07B8-4BCA-B1AE-42F291575400}.Release|Win32.ActiveCfg = Release|Win32
		{42232473-07B8-4BCA-B1AE-42F291575400}.Release|Win32.Build.0 = Release|Win32
		{3873FE4E-C31D-4A8D-9E1C-A8D30E7BCA37}.Debug|Win32.ActiveCfg = Debug|Win32
		{3873FE4E-C31D-4A8D-9E1C-A8D30E7BCA37}.Debug|Win32.Build.0 = Debug|Win32
		{3873FE4E-C31D-4A8D-9E1C-A8D30E7BCA37}.Release|Win32.ActiveCfg = Release|Win32
		{3873FE4E-C31D-4A8D-9E1C-A8D30E7BCA37}.Release|Win32.Build.0 = Release|Win32
		{A1C0FA14-BC4E-406C-AB5F-4009059D60DE}.Debug|Win32.ActiveCfg = Debug|Win32
		{A1C0FA14-BC4E-406C-AB5F-4009059D60DE}.Debug|Win32.Build.0 = Debug|Win32
		{A1C0FA14-BC4E-406C-AB5F-4009059D60DE}.Release|Win32.ActiveCfg = Release|Win32
		{A1C0FA14-BC4E-406C-AB5F-4009059D60DE}.Release|Win32.Build.0 = Release|Win32
		{9FA020B5-0A66-4E0F-9655-AC1300F7E9CB}.Debug|Win32.ActiveCfg = Debug|Win32
		{9FA020B5-0A66-4E0F-9655-AC1300F7E9CB}.Debug|Win32.Build.0 = Debug|Win32
		{9FA020B5-0A66-4E0F-9655-AC1300F7E9CB}.Release|Win32.ActiveCfg = Release|Win32
		{9FA020B5-0A66-4E0F-9655-AC1300F7E9CB}.Release|Win32.Build.0 = Release|Win32
		{FC56831C-E123-41BB-BE3E-FD9908CBD31A}.Debug|Win32.ActiveCfg = Debug|Win32
		{FC56831C-E123-41BB-BE3E-FD9908CBD31A}.Debug|Win32.Build.0 = Debug|Win32
		{FC56831C-E123-41BB-BE3E-FD9908CBD31A}.Release|Win32.ActiveCfg = Release|Win32
		{FC56831C-E123-41BB-BE3E-FD9908CBD31A}.Release|Win32.Build.0 = Release|Win32
		{E6215AED-133C-4934-AB11-3F20B5666BDF}.Debug|Win32.ActiveCfg = Debug|Win32
		{E6215AED-133C-4934-AB11-3F20B5666BDF}.Debug|Win32.Build.0 = Debug|Win32
		{E6215AED-133C-4934-AB11-3F20B5666BDF}.Release|Win32.ActiveCfg = Release|Win32
		{E6215AED-133C-4934-AB11-3F20B5666BDF}.Release|Win32.Build.0 = Release|Win32
		{000C7FC6-44A1-451F-A242-69CDEA791F4D}.Debug|Win32.ActiveCfg = Debug|Win32
		{000C7FC6-44A1-451F-A242-69CDEA791F4D}.Debug|Win32.Build.0 = Debug|Win32
		{000C7FC6-44A1-451F-A242-69CDEA791F4D}.Release|Win32.ActiveCfg = Release|Win32
		{000C7FC6-44A1-451F-A242-69CDEA791F4D}.Release|Win32.Build.0 = Release|Win32
		{5741C93C-99EF-4368-879D-547B4B8EF36A}.Debug|Win32.ActiveCfg = Debug|Win32
		{5741C93C-99EF-4368-879D-547B4B8EF36A}.Debug|Win32.Build.0 = Debug|Win32
		{5741C93C-99EF-4368-879D-547B4B8EF36A}.Release|Win32.ActiveCfg = Release|Win32
		{5741C93C-99EF-4368-879D-547B4B8EF36A}.Release|Win32.Build.0 = Release|Win32
		{AAD1076B-682D-43D8-87A7-5D4237F94E01}.Debug|Win32.ActiveCfg = Debug|Win32
		{AAD1076B-682D-43D8-87A7-5D4237F94E01}.Debug|Win32.Build.0 = Debug|Win32
		{AAD1076B-682D-43D8-87A7-5D4237F94E01}.Release|Win32.ActiveCfg = Release|Win32
		{AAD1076B-682D-43D8-87A7-5D4237F94E01}.Release|Win32.Build.0 = Release|Win32
		{9D6E9D99-D36C-42D2-B37F-98B21066D9C1}.Debug|Win32.ActiveCfg = Debug|Win32
		{9D6E9D99-D36C-42D2-B37F-98B21066D9C1}.Debug|Win32.Build.0 = Debug|Win32
		{9D6E9D99-D36C-42D2-B37F-98B21066D9C1}.Release|Win32.ActiveCfg = Release|Win32
		{9D6E9D99-D36C-42D2-B37F-98B21066D9C1}.Release|Win32.Build.0 = Release|Win32
		{E4AE5263-FB06-4CA6-945A-F684225CD51C}.Debug|Win32.ActiveCfg = Debug|Win32
		{E4AE5263-FB06-4CA6-945A-F684225CD51C}.Debug|Win32.Build.0 = Debug|Win32
		{E4AE5263-FB06-4CA6-945A-F684225CD51C}.Release|Win32.ActiveCfg = Release|Win32
		{E4AE5263-FB06-4CA6-945A-F684225CD51C}.Release|Win32.Build.0 = Release|Win32
		{25E14E2F-41A3-4030-85F6-5E21D3EC9355}.Debug|Win32.ActiveCfg = Debug|Win32
		{25E14E2F-41A3-4030-85F6-5E21D3EC9355}.Debug|Win32.Build.0 = Debug|Win32
		{25E14E2F-41A3-4030-85F6-5E21D3EC9355}.Release|Win32.ActiveCfg = Release|Win32
		{25E14E2F-41A3-4030-85F6-5E21D3EC9355}.Release|Win32.Build.0 = Release|Win32
		{993723F7-2A0B-437E-A7D1-41B629CEF249}.Debug|Win32.ActiveCfg = Debug|Win32
		{993723F7-2A0B-437E-A7D1-41B629CEF249}.Debug|Win32.Build.0 = Debug|Win32
		{993723F7-2A0B-437E-A7D1-41B629CEF249}.Release|Win32.ActiveCfg = Release|Win32
		{993723F7-2A0B-437E-A7D1-41B629CEF249}.Release|Win32.Build.0 = Release|Win32
		{F41333C6-E446-400B-A2A9-A0B5E2CB6D37}.Debug|Win32.ActiveCfg = Debug|Win32
		{F41333C6-E446-400B-A2A9-A0B5E2CB6D37}.Debug|Win32.Build.0 = Debug|Win32
		{F41333C6-E446-400B-A2A9-A0B5E2CB6D37}.Release|Win32.ActiveCfg = Release|Win32
		{F41333C6-E446-400B-A2A9-A0B5E2CB6D37}.Release|Win32.Build.0 = Release|Win32
		{67AFB95D-E299-4B4F-A86E-B88AACADE4FF}.Debug|Win32.ActiveCfg = Debug|Win32
		{67AFB95D-E299-4B4F-A86E-B88AACADE4FF}.Debug|Win32.Build.0 = Debug|Win32
		{67AFB95D-E299-4B4F-A86E-B88AACADE4FF}.Release|Win32.ActiveCfg = Release|Win32
		{67AFB95D-E299-4B4F-A86E-B88AACADE4FF}.Release|Win32.Build.0 = Release|Win32
		{188E1D2D-C88E-4393-9F35-5C910D951419}.Debug|Win32.ActiveCfg = Debug|Win32
		{188E1D2D-C88E-4393-9F35-5C910D951419}.Debug|Win32.Build.0 = Debug|Win32
		{188E1D2D-C88E-4393-9F35-5C910D951419}.Release|Win32.ActiveCfg = Release|Win32
		{188E1D2D-C88E-4393-9F35-5C910D951419}.Release|Win32.Build.0 = Release|Win32
		{05DFB0D3-7EFA-4D27-9497-31ED44466B1C}.Debug|Win32.ActiveCfg = Debug|Win32
		{05DFB0D3-7EFA-4D27-9497-31ED44466B1C}.Debug|Win32.Build.0 = Debug|Win32
		{05DFB0D3-7EFA-4D27-9497-31ED44466B1C}.Release|Win32.ActiveCfg = Release|Win32
		{05DFB0D3-7EFA-4D27-9497-31ED44466B1C}.Release|Win32.Build.0 = Release|Win32
		{BA7E10A8-7F97-4704-A5E9-E8D1220EB4EA}.Debug|Win32.ActiveCfg = Debug|Win32
		{BA7E10A8-7F97-4704-A5E9-E8D1220EB4EA}.Debug|Win32.Build.0 = Debug|Win32
		{BA7E10A8-7F97-4704-A5E9-E8D1220EB4EA}.Release|Win32.ActiveCfg = Release|Win32
		{BA7E10A8-7F97-4704-A5E9-E8D1220EB4EA}.Release|Win32.Build.0 = Release|Win32
		{0EF30987-E726-4739-B2C8-221F7C85AF38}.Debug|Win32.ActiveCfg = Debug|Win32
		{0EF30987-E726-4739-B2C8-221F7C85AF38}.Debug|Win32.Build.0 = Debug|Win32
		{0EF30987-E726-4739-B2C8-221F7C85AF38}.Release|Win32.ActiveCfg = Release|Win32
		{0EF30987-E726-4739-B2C8-221F7C85AF38}.Release|Win32.Build.0 = Release|Win32
		{D3593BD2-9BD8-406D-9D45-38BC7934166E}.Debug|Win32.ActiveCfg = Debug|Win32
		{D3593BD2-9BD8-406D-9D45-38BC7934166E}.Debug|Win32.Build.0 = Debug|Win32
		{D3593BD2-9BD8-406D-9D45-38BC7934166E}.Release|Win32.ActiveCfg = Release|Win32
		{D3593BD2-9BD8-406D-9D45-38BC7934166E}.Release|Win32.Build.0 = Release|Win32
		{0BBE6424-9DEC-4C23-836B-7EAC551393B5}.Debug|Win32.ActiveCfg = Debug|Win32
		{0BBE6424-9DEC-4C23-836B-7EAC551393B5}.Debug|Win32.Build.0 = Debug|Win32
		{0BBE6424-9DEC-4C23-836B-7EAC551393B5}.Release|Win32.ActiveCfg = Release|Win32
		{0BBE6424-9DEC-4C23-836B-7EAC551393B5}.Release|Win32.Build.0 = Release|Win32
	EndGlobalSection
	GlobalSection(SolutionProperties) = preSolution
		HideSolutionNode = FALSE
	EndGlobalSection
	GlobalSection(NestedProjects) = preSolution
		{6EB4EF6D-CE85-4DAC-9A9F-98ECD2248B49} = {00B35A04-A5FC-4590-9DBB-342E7D2B11B9}
		{EECD52F1-14FF-422D-B73C-B8FE26924162} = {00B35A04-A5FC-4590-9DBB-342E7D2B11B9}
		{A1C0FA14-BC4E-406C-AB5F-4009059D60DE} = {00B35A04-A5FC-4590-9DBB-342E7D2B11B9}
		{9FA020B5-0A66-4E0F-9655-AC1300F7E9CB} = {00B35A04-A5FC-4590-9DBB-342E7D2B11B9}
		{5741C93C-99EF-4368-879D-547B4B8EF36A} = {00B35A04-A5FC-4590-9DBB-342E7D2B11B9}
		{AAD1076B-682D-43D8-87A7-5D4237F94E01} = {00B35A04-A5FC-4590-9DBB-342E7D2B11B9}
		{25E14E2F-41A3-4030-85F6-5E21D3EC9355} = {00B35A04-A5FC-4590-9DBB-342E7D2B11B9}
		{993723F7-2A0B-437E-A7D1-41B629CEF249} = {00B35A04-A5FC-4590-9DBB-342E7D2B11B9}
		{67AFB95D-E299-4B4F-A86E-B88AACADE4FF} = {00B35A04-A5FC-4590-9DBB-342E7D2B11B9}
		{188E1D2D-C88E-4393-9F35-5C910D951419} = {00B35A04-A5FC-4590-9DBB-342E7D2B11B9}
		{05DFB0D3-7EFA-4D27-9497-31ED44466B1C} = {00B35A04-A5FC-4590-9DBB-342E7D2B11B9}
		{BA7E10A8-7F97-4704-A5E9-E8D1220EB4EA} = {00B35A04-A5FC-4590-9DBB-342E7D2B11B9}
		{0EF30987-E726-4739-B2C8-221F7C85AF38} = {00B35A04-A5FC-4590-9DBB-342E7D2B11B9}
		{D3593BD2-9BD8-406D-9D45-38BC7934166E} = {00B35A04-A5FC-4590-9DBB-342E7D2B11B9}
		{72D798BC-BF76-435B-9747-A81F7AABABDF} = {F4BBDD15-18CC-4857-B05A-07C930A9C64D}
		{A9B4F098-33FF-4C32-8FFF-4C8A49719479} = {F4BBDD15-18CC-4857-B05A-07C930A9C64D}
		{7608BBE3-493A-4944-A123-82851C56F030} = {F4BBDD15-18CC-4857-B05A-07C930A9C64D}
	EndGlobalSection
EndGlobal
