<?xml version="1.0" encoding="utf-8"?>
<Project ToolsVersion="4.0" xmlns="http://schemas.microsoft.com/developer/msbuild/2003">
  <ItemGroup>
    <Filter Include="crash">
      <UniqueIdentifier>{089a988f-1e38-423e-a3ab-f7b39fa9dc09}</UniqueIdentifier>
    </Filter>
    <Filter Include="detour">
      <UniqueIdentifier>{90f04064-4219-4816-a029-c34190e3ac61}</UniqueIdentifier>
    </Filter>
    <Filter Include="memleak">
      <UniqueIdentifier>{2a4d320c-c875-44ae-9d7f-248d3b05e1d9}</UniqueIdentifier>
    </Filter>
    <Filter Include="import">
      <UniqueIdentifier>{b7216e52-ba1e-42db-afc8-2115715a1e76}</UniqueIdentifier>
    </Filter>
    <Filter Include="import\detours">
      <UniqueIdentifier>{a976bd44-5a0d-4d66-8075-0ad47f3ae98e}</UniqueIdentifier>
    </Filter>
    <Filter Include="dump">
      <UniqueIdentifier>{ec4d1393-d125-4246-a7cc-de04595ad028}</UniqueIdentifier>
    </Filter>
    <Filter Include="win32">
      <UniqueIdentifier>{6dd61f27-4fc1-4007-bde0-68c8a7d2d07a}</UniqueIdentifier>
    </Filter>
  </ItemGroup>
  <ItemGroup>
    <ClCompile Include="source\detours\creatwth.cpp">
      <Filter>import\detours</Filter>
    </ClCompile>
    <ClCompile Include="source\detours\detours.cpp">
      <Filter>import\detours</Filter>
    </ClCompile>
    <ClCompile Include="source\detours\disasm.cpp">
      <Filter>import\detours</Filter>
    </ClCompile>
    <ClCompile Include="source\detours\image.cpp">
      <Filter>import\detours</Filter>
    </ClCompile>
    <ClCompile Include="source\detours\modules.cpp">
      <Filter>import\detours</Filter>
    </ClCompile>
    <ClCompile Include="HawkCrashReport.cpp">
      <Filter>crash</Filter>
    </ClCompile>
    <ClCompile Include="HawkDetour.cpp">
      <Filter>detour</Filter>
    </ClCompile>
    <ClCompile Include="HawkMemLeakDetect.cpp">
      <Filter>memleak</Filter>
    </ClCompile>
    <ClCompile Include="HawkWin32.cpp">
      <Filter>win32</Filter>
    </ClCompile>
  </ItemGroup>
  <ItemGroup>
    <ClInclude Include="source\detours\detours.h">
      <Filter>import\detours</Filter>
    </ClInclude>
    <ClInclude Include="source\detours\detver.h">
      <Filter>import\detours</Filter>
    </ClInclude>
    <ClInclude Include="HawkCrashReport.h">
      <Filter>crash</Filter>
    </ClInclude>
    <ClInclude Include="HawkDetour.h">
      <Filter>detour</Filter>
    </ClInclude>
    <ClInclude Include="HawkMemLeakDetect.h">
      <Filter>memleak</Filter>
    </ClInclude>
    <ClInclude Include="HawkMiniDump.h">
      <Filter>dump</Filter>
    </ClInclude>
    <ClInclude Include="HawkWin32.h">
      <Filter>win32</Filter>
    </ClInclude>
  </ItemGroup>
</Project>