<?xml version="1.0" encoding="utf-8"?>
<Project ToolsVersion="4.0" xmlns="http://schemas.microsoft.com/developer/msbuild/2003">
  <ItemGroup>
    <Filter Include="win">
      <UniqueIdentifier>{9e2ea287-529d-4368-b088-5f9bf6de7393}</UniqueIdentifier>
    </Filter>
    <Filter Include="lnx">
      <UniqueIdentifier>{df9b1e92-cfe0-488d-9c8d-16d7edadf16e}</UniqueIdentifier>
    </Filter>
    <Filter Include="profiler">
      <UniqueIdentifier>{a67f3330-ca44-4c03-9874-db24139bc628}</UniqueIdentifier>
    </Filter>
  </ItemGroup>
  <ItemGroup>
    <ClCompile Include="HawkProfiler.cpp">
      <Filter>profiler</Filter>
    </ClCompile>
    <ClCompile Include="HawkLnxProfile.cpp">
      <Filter>lnx</Filter>
    </ClCompile>
    <ClCompile Include="HawkWinProfile.cpp">
      <Filter>win</Filter>
    </ClCompile>
  </ItemGroup>
  <ItemGroup>
    <ClInclude Include="HawkProfiler.h">
      <Filter>profiler</Filter>
    </ClInclude>
  </ItemGroup>
  <ItemGroup>
    <None Include="Makefile" />
  </ItemGroup>
</Project>