<?xml version="1.0" encoding="utf-8"?>
<Project ToolsVersion="4.0" xmlns="http://schemas.microsoft.com/developer/msbuild/2003">
  <ItemGroup>
    <Filter Include="vector">
      <UniqueIdentifier>{5b5eda2c-12ba-4590-91af-9edee3030cc6}</UniqueIdentifier>
    </Filter>
    <Filter Include="matrix">
      <UniqueIdentifier>{0e0b32c4-99ed-4a1a-8b77-5d93b0c5589b}</UniqueIdentifier>
    </Filter>
    <Filter Include="triangle">
      <UniqueIdentifier>{558d5c76-5b79-412e-8b14-433881b37ceb}</UniqueIdentifier>
    </Filter>
    <Filter Include="line">
      <UniqueIdentifier>{bf31173c-798e-4410-bc00-9ba47400a771}</UniqueIdentifier>
    </Filter>
    <Filter Include="ray">
      <UniqueIdentifier>{32ae5144-892c-4cf9-9a34-e6dd9499dad7}</UniqueIdentifier>
    </Filter>
    <Filter Include="segment">
      <UniqueIdentifier>{c04651af-fba3-42e3-9181-7fd290766333}</UniqueIdentifier>
    </Filter>
    <Filter Include="rect">
      <UniqueIdentifier>{916bcb6b-09c3-40ad-a5e7-7cc413cfaa1c}</UniqueIdentifier>
    </Filter>
    <Filter Include="bound">
      <UniqueIdentifier>{83703d7b-df79-4b01-b202-ae7911afbebc}</UniqueIdentifier>
    </Filter>
    <Filter Include="geometry">
      <UniqueIdentifier>{1106b87e-a001-4895-ac1a-6921cb776b9b}</UniqueIdentifier>
    </Filter>
    <Filter Include="bezier">
      <UniqueIdentifier>{cb35387c-025c-4e46-ba43-6028f6568b8f}</UniqueIdentifier>
    </Filter>
    <Filter Include="transform">
      <UniqueIdentifier>{a41bed51-6161-4b40-b01c-dc1de4edacd3}</UniqueIdentifier>
    </Filter>
  </ItemGroup>
  <ItemGroup>
    <ClInclude Include="HawkMatrix4.h">
      <Filter>matrix</Filter>
    </ClInclude>
    <ClInclude Include="HawkMatrix2.h">
      <Filter>matrix</Filter>
    </ClInclude>
    <ClInclude Include="HawkMatrix3.h">
      <Filter>matrix</Filter>
    </ClInclude>
    <ClInclude Include="HawkLine3D.h">
      <Filter>line</Filter>
    </ClInclude>
    <ClInclude Include="HawkLine2D.h">
      <Filter>line</Filter>
    </ClInclude>
    <ClInclude Include="HawkAxisAlignedBox.h">
      <Filter>bound</Filter>
    </ClInclude>
    <ClInclude Include="HawkCapsule.h">
      <Filter>bound</Filter>
    </ClInclude>
    <ClInclude Include="HawkOBB.h">
      <Filter>bound</Filter>
    </ClInclude>
    <ClInclude Include="HawkSphere.h">
      <Filter>bound</Filter>
    </ClInclude>
    <ClInclude Include="HawkRect3D.h">
      <Filter>rect</Filter>
    </ClInclude>
    <ClInclude Include="HawkRect.h">
      <Filter>rect</Filter>
    </ClInclude>
    <ClInclude Include="HawkRect2D.h">
      <Filter>rect</Filter>
    </ClInclude>
    <ClInclude Include="HawkSegment3D.h">
      <Filter>segment</Filter>
    </ClInclude>
    <ClInclude Include="HawkSegment2D.h">
      <Filter>segment</Filter>
    </ClInclude>
    <ClInclude Include="HawkRay3D.h">
      <Filter>ray</Filter>
    </ClInclude>
    <ClInclude Include="HawkRay2D.h">
      <Filter>ray</Filter>
    </ClInclude>
    <ClInclude Include="HawkTriangle3D.h">
      <Filter>triangle</Filter>
    </ClInclude>
    <ClInclude Include="HawkTriangle2D.h">
      <Filter>triangle</Filter>
    </ClInclude>
    <ClInclude Include="HawkQuaternion.h">
      <Filter>matrix</Filter>
    </ClInclude>
    <ClInclude Include="HawkVector4D.h">
      <Filter>vector</Filter>
    </ClInclude>
    <ClInclude Include="HawkVector2D.h">
      <Filter>vector</Filter>
    </ClInclude>
    <ClInclude Include="HawkVector3D.h">
      <Filter>vector</Filter>
    </ClInclude>
    <ClInclude Include="HawkPoint2D.h">
      <Filter>vector</Filter>
    </ClInclude>
    <ClInclude Include="HawkPlane3D.h">
      <Filter>bound</Filter>
    </ClInclude>
    <ClInclude Include="HawkGeometry.h">
      <Filter>geometry</Filter>
    </ClInclude>
    <ClInclude Include="HawkBezier.h">
      <Filter>bezier</Filter>
    </ClInclude>
    <ClInclude Include="HawkDegree.h">
      <Filter>transform</Filter>
    </ClInclude>
    <ClInclude Include="HawkRadian.h">
      <Filter>transform</Filter>
    </ClInclude>
    <ClInclude Include="HawkTransform.h">
      <Filter>transform</Filter>
    </ClInclude>
    <ClInclude Include="HawkGeoDef.h">
      <Filter>geometry</Filter>
    </ClInclude>
  </ItemGroup>
  <ItemGroup>
    <ClCompile Include="HawkMatrix2.cpp">
      <Filter>matrix</Filter>
    </ClCompile>
    <ClCompile Include="HawkMatrix3.cpp">
      <Filter>matrix</Filter>
    </ClCompile>
    <ClCompile Include="HawkMatrix4.cpp">
      <Filter>matrix</Filter>
    </ClCompile>
    <ClCompile Include="HawkLine2D.cpp">
      <Filter>line</Filter>
    </ClCompile>
    <ClCompile Include="HawkLine3D.cpp">
      <Filter>line</Filter>
    </ClCompile>
    <ClCompile Include="HawkAxisAlignedBox.cpp">
      <Filter>bound</Filter>
    </ClCompile>
    <ClCompile Include="HawkCapsule.cpp">
      <Filter>bound</Filter>
    </ClCompile>
    <ClCompile Include="HawkOBB.cpp">
      <Filter>bound</Filter>
    </ClCompile>
    <ClCompile Include="HawkSphere.cpp">
      <Filter>bound</Filter>
    </ClCompile>
    <ClCompile Include="HawkRect.cpp">
      <Filter>rect</Filter>
    </ClCompile>
    <ClCompile Include="HawkRect2D.cpp">
      <Filter>rect</Filter>
    </ClCompile>
    <ClCompile Include="HawkRect3D.cpp">
      <Filter>rect</Filter>
    </ClCompile>
    <ClCompile Include="HawkSegment2D.cpp">
      <Filter>segment</Filter>
    </ClCompile>
    <ClCompile Include="HawkSegment3D.cpp">
      <Filter>segment</Filter>
    </ClCompile>
    <ClCompile Include="HawkRay2D.cpp">
      <Filter>ray</Filter>
    </ClCompile>
    <ClCompile Include="HawkRay3D.cpp">
      <Filter>ray</Filter>
    </ClCompile>
    <ClCompile Include="HawkTriangle2D.cpp">
      <Filter>triangle</Filter>
    </ClCompile>
    <ClCompile Include="HawkTriangle3D.cpp">
      <Filter>triangle</Filter>
    </ClCompile>
    <ClCompile Include="HawkQuaternion.cpp">
      <Filter>matrix</Filter>
    </ClCompile>
    <ClCompile Include="HawkVector2D.cpp">
      <Filter>vector</Filter>
    </ClCompile>
    <ClCompile Include="HawkVector3D.cpp">
      <Filter>vector</Filter>
    </ClCompile>
    <ClCompile Include="HawkVector4D.cpp">
      <Filter>vector</Filter>
    </ClCompile>
    <ClCompile Include="HawkPoint2D.cpp">
      <Filter>vector</Filter>
    </ClCompile>
    <ClCompile Include="HawkPlane3D.cpp">
      <Filter>bound</Filter>
    </ClCompile>
    <ClCompile Include="HawkGeometry.cpp">
      <Filter>geometry</Filter>
    </ClCompile>
    <ClCompile Include="HawkBezier.cpp">
      <Filter>bezier</Filter>
    </ClCompile>
    <ClCompile Include="HawkDegree.cpp">
      <Filter>transform</Filter>
    </ClCompile>
    <ClCompile Include="HawkRadian.cpp">
      <Filter>transform</Filter>
    </ClCompile>
    <ClCompile Include="HawkTransform.cpp">
      <Filter>transform</Filter>
    </ClCompile>
  </ItemGroup>
  <ItemGroup>
    <None Include="Makefile" />
  </ItemGroup>
</Project>